
Microsoft Visual Studio Solution File, Format Version 12.00
# Visual Studio Version 17
VisualStudioVersion = 17.10.35027.167
MinimumVisualStudioVersion = 10.0.40219.1
Project("{9A19103F-16F7-4668-BE54-9A1E7A4F7556}") = "Guest-Shabbat-Host-App", "Guest-Shabbat-Host-App.csproj", "{34F71F99-9960-4E3B-8C86-9A1E103F2E1E}"
EndProject
Global
	GlobalSection(SolutionConfigurationPlatforms) = preSolution
		Debug|Any CPU = Debug|Any CPU
		Release|Any CPU = Release|Any CPU
	EndGlobalSection
	GlobalSection(ProjectConfigurationPlatforms) = postSolution
		{34F71F99-9960-4E3B-8C86-9A1E103F2E1E}.Debug|Any CPU.ActiveCfg = Debug|Any CPU
		{34F71F99-9960-4E3B-8C86-9A1E103F2E1E}.Debug|Any CPU.Build.0 = Debug|Any CPU
		{34F71F99-9960-4E3B-8C86-9A1E103F2E1E}.Release|Any CPU.ActiveCfg = Release|Any CPU
		{34F71F99-9960-4E3B-8C86-9A1E103F2E1E}.Release|Any CPU.Build.0 = Release|Any CPU
	EndGlobalSection
	GlobalSection(SolutionProperties) = preSolution
		HideSolutionNode = FALSE
	EndGlobalSection
	GlobalSection(ExtensibilityGlobals) = postSolution
		SolutionGuid = {05FF2548-A010-470F-A371-7D8D0651F69E}
	EndGlobalSection
EndGlobal
